// !$*UTF8*$!
{
	archiveVersion = 1;
	classes = {
	};
	objectVersion = 51;
	objects = {

/* Begin PBXBuildFile section */
		66E2070E5AFFB3E600ED12CF /* Pods_Yeogigaja.framework in Frameworks */ = {isa = PBXBuildFile; fileRef = 52D85463D516E831A4717E29 /* Pods_Yeogigaja.framework */; };
		6B4BB80C254FCDB800C5EFBE /* DetailHeaderView.swift in Sources */ = {isa = PBXBuildFile; fileRef = 6B4BB80B254FCDB800C5EFBE /* DetailHeaderView.swift */; };
		6B4BB811254FD52600C5EFBE /* DetailTextTableViewCell.swift in Sources */ = {isa = PBXBuildFile; fileRef = 6B4BB810254FD52600C5EFBE /* DetailTextTableViewCell.swift */; };
		7C58115D252A2C5A00290CE7 /* TableViewController.swift in Sources */ = {isa = PBXBuildFile; fileRef = 7C58115C252A2C5A00290CE7 /* TableViewController.swift */; };
		7C5811B22530839D00290CE7 /* Map.storyboard in Resources */ = {isa = PBXBuildFile; fileRef = 7C5811B12530839D00290CE7 /* Map.storyboard */; };
		7C5811B5253083BD00290CE7 /* mapViewController.swift in Sources */ = {isa = PBXBuildFile; fileRef = 7C5811B4253083BD00290CE7 /* mapViewController.swift */; };
		7C5811B82530840200290CE7 /* CalendarViewController.swift in Sources */ = {isa = PBXBuildFile; fileRef = 7C5811B72530840200290CE7 /* CalendarViewController.swift */; };
		7C5811BB2530841100290CE7 /* Calendar.storyboard in Resources */ = {isa = PBXBuildFile; fileRef = 7C5811BA2530841100290CE7 /* Calendar.storyboard */; };
		7C5811BE2530844100290CE7 /* Mypage.storyboard in Resources */ = {isa = PBXBuildFile; fileRef = 7C5811BD2530844100290CE7 /* Mypage.storyboard */; };
		7C5811C12530845700290CE7 /* MypageViewController.swift in Sources */ = {isa = PBXBuildFile; fileRef = 7C5811C02530845700290CE7 /* MypageViewController.swift */; };
		7C5811C52530BF1A00290CE7 /* TabBarController.swift in Sources */ = {isa = PBXBuildFile; fileRef = 7C5811C42530BF1A00290CE7 /* TabBarController.swift */; };
		7C87EB5B254D649200C428A5 /* model.swift in Sources */ = {isa = PBXBuildFile; fileRef = 7C87EB5A254D649200C428A5 /* model.swift */; };
		7CCBA58A2529B56A0036CE02 /* mainPageTableViewCell.swift in Sources */ = {isa = PBXBuildFile; fileRef = 7CCBA5892529B56A0036CE02 /* mainPageTableViewCell.swift */; };
		7CCBA5902529CEFA0036CE02 /* DetailViewController.swift in Sources */ = {isa = PBXBuildFile; fileRef = 7CCBA58F2529CEF90036CE02 /* DetailViewController.swift */; };
		7CCBA5932529CF150036CE02 /* DetailViewStoryboard.storyboard in Resources */ = {isa = PBXBuildFile; fileRef = 7CCBA5922529CF150036CE02 /* DetailViewStoryboard.storyboard */; };
		FA97608A251C753300A175EA /* AppDelegate.swift in Sources */ = {isa = PBXBuildFile; fileRef = FA976089251C753300A175EA /* AppDelegate.swift */; };
		FA97608C251C753300A175EA /* SceneDelegate.swift in Sources */ = {isa = PBXBuildFile; fileRef = FA97608B251C753300A175EA /* SceneDelegate.swift */; };
		FA976091251C753300A175EA /* Main.storyboard in Resources */ = {isa = PBXBuildFile; fileRef = FA97608F251C753300A175EA /* Main.storyboard */; };
		FA976093251C753700A175EA /* Assets.xcassets in Resources */ = {isa = PBXBuildFile; fileRef = FA976092251C753700A175EA /* Assets.xcassets */; };
		FA976096251C753700A175EA /* LaunchScreen.storyboard in Resources */ = {isa = PBXBuildFile; fileRef = FA976094251C753700A175EA /* LaunchScreen.storyboard */; };
/* End PBXBuildFile section */

/* Begin PBXFileReference section */
		52D85463D516E831A4717E29 /* Pods_Yeogigaja.framework */ = {isa = PBXFileReference; explicitFileType = wrapper.framework; includeInIndex = 0; path = Pods_Yeogigaja.framework; sourceTree = BUILT_PRODUCTS_DIR; };
		6B4BB80B254FCDB800C5EFBE /* DetailHeaderView.swift */ = {isa = PBXFileReference; lastKnownFileType = sourcecode.swift; path = DetailHeaderView.swift; sourceTree = "<group>"; };
		6B4BB810254FD52600C5EFBE /* DetailTextTableViewCell.swift */ = {isa = PBXFileReference; lastKnownFileType = sourcecode.swift; path = DetailTextTableViewCell.swift; sourceTree = "<group>"; };
		7C58115C252A2C5A00290CE7 /* TableViewController.swift */ = {isa = PBXFileReference; lastKnownFileType = sourcecode.swift; path = TableViewController.swift; sourceTree = "<group>"; };
		7C5811B12530839D00290CE7 /* Map.storyboard */ = {isa = PBXFileReference; lastKnownFileType = file.storyboard; path = Map.storyboard; sourceTree = "<group>"; };
		7C5811B4253083BD00290CE7 /* mapViewController.swift */ = {isa = PBXFileReference; lastKnownFileType = sourcecode.swift; path = mapViewController.swift; sourceTree = "<group>"; };
		7C5811B72530840200290CE7 /* CalendarViewController.swift */ = {isa = PBXFileReference; lastKnownFileType = sourcecode.swift; path = CalendarViewController.swift; sourceTree = "<group>"; };
		7C5811BA2530841100290CE7 /* Calendar.storyboard */ = {isa = PBXFileReference; lastKnownFileType = file.storyboard; path = Calendar.storyboard; sourceTree = "<group>"; };
		7C5811BD2530844100290CE7 /* Mypage.storyboard */ = {isa = PBXFileReference; lastKnownFileType = file.storyboard; path = Mypage.storyboard; sourceTree = "<group>"; };
		7C5811C02530845700290CE7 /* MypageViewController.swift */ = {isa = PBXFileReference; lastKnownFileType = sourcecode.swift; path = MypageViewController.swift; sourceTree = "<group>"; };
		7C5811C42530BF1A00290CE7 /* TabBarController.swift */ = {isa = PBXFileReference; lastKnownFileType = sourcecode.swift; name = TabBarController.swift; path = Yeogigaja/TabBarController.swift; sourceTree = SOURCE_ROOT; };
		7C87EB5A254D649200C428A5 /* model.swift */ = {isa = PBXFileReference; lastKnownFileType = sourcecode.swift; path = model.swift; sourceTree = "<group>"; };
		7CCBA5892529B56A0036CE02 /* mainPageTableViewCell.swift */ = {isa = PBXFileReference; lastKnownFileType = sourcecode.swift; path = mainPageTableViewCell.swift; sourceTree = "<group>"; };
		7CCBA58F2529CEF90036CE02 /* DetailViewController.swift */ = {isa = PBXFileReference; lastKnownFileType = sourcecode.swift; path = DetailViewController.swift; sourceTree = "<group>"; };
		7CCBA5922529CF150036CE02 /* DetailViewStoryboard.storyboard */ = {isa = PBXFileReference; lastKnownFileType = file.storyboard; path = DetailViewStoryboard.storyboard; sourceTree = "<group>"; };
		CF9F912574944EFCA336717C /* Pods-Yeogigaja.release.xcconfig */ = {isa = PBXFileReference; includeInIndex = 1; lastKnownFileType = text.xcconfig; name = "Pods-Yeogigaja.release.xcconfig"; path = "Target Support Files/Pods-Yeogigaja/Pods-Yeogigaja.release.xcconfig"; sourceTree = "<group>"; };
		E463BE4A6F5034780676DFC6 /* Pods-Yeogigaja.debug.xcconfig */ = {isa = PBXFileReference; includeInIndex = 1; lastKnownFileType = text.xcconfig; name = "Pods-Yeogigaja.debug.xcconfig"; path = "Target Support Files/Pods-Yeogigaja/Pods-Yeogigaja.debug.xcconfig"; sourceTree = "<group>"; };
		FA976086251C753300A175EA /* Yeogigaja.app */ = {isa = PBXFileReference; explicitFileType = wrapper.application; includeInIndex = 0; path = Yeogigaja.app; sourceTree = BUILT_PRODUCTS_DIR; };
		FA976089251C753300A175EA /* AppDelegate.swift */ = {isa = PBXFileReference; lastKnownFileType = sourcecode.swift; path = AppDelegate.swift; sourceTree = "<group>"; };
		FA97608B251C753300A175EA /* SceneDelegate.swift */ = {isa = PBXFileReference; lastKnownFileType = sourcecode.swift; path = SceneDelegate.swift; sourceTree = "<group>"; };
		FA976090251C753300A175EA /* Base */ = {isa = PBXFileReference; lastKnownFileType = file.storyboard; name = Base; path = Base.lproj/Main.storyboard; sourceTree = "<group>"; };
		FA976092251C753700A175EA /* Assets.xcassets */ = {isa = PBXFileReference; lastKnownFileType = folder.assetcatalog; path = Assets.xcassets; sourceTree = "<group>"; };
		FA976095251C753700A175EA /* Base */ = {isa = PBXFileReference; lastKnownFileType = file.storyboard; name = Base; path = Base.lproj/LaunchScreen.storyboard; sourceTree = "<group>"; };
		FA976097251C753700A175EA /* Info.plist */ = {isa = PBXFileReference; lastKnownFileType = text.plist.xml; path = Info.plist; sourceTree = "<group>"; };
/* End PBXFileReference section */

/* Begin PBXFrameworksBuildPhase section */
		FA976083251C753300A175EA /* Frameworks */ = {
			isa = PBXFrameworksBuildPhase;
			buildActionMask = 2147483647;
			files = (
				66E2070E5AFFB3E600ED12CF /* Pods_Yeogigaja.framework in Frameworks */,
			);
			runOnlyForDeploymentPostprocessing = 0;
		};
/* End PBXFrameworksBuildPhase section */

/* Begin PBXGroup section */
		07EE5F1262AFE448607AB124 /* Pods */ = {
			isa = PBXGroup;
			children = (
				E463BE4A6F5034780676DFC6 /* Pods-Yeogigaja.debug.xcconfig */,
				CF9F912574944EFCA336717C /* Pods-Yeogigaja.release.xcconfig */,
			);
			path = Pods;
			sourceTree = "<group>";
		};
		165F13D2298E1DA260438E6E /* Frameworks */ = {
			isa = PBXGroup;
			children = (
				52D85463D516E831A4717E29 /* Pods_Yeogigaja.framework */,
			);
			name = Frameworks;
			sourceTree = "<group>";
		};
		7C5811AE2530835B00290CE7 /* MapPage */ = {
			isa = PBXGroup;
			children = (
				7C5811B12530839D00290CE7 /* Map.storyboard */,
				7C5811B4253083BD00290CE7 /* mapViewController.swift */,
			);
			path = MapPage;
			sourceTree = "<group>";
		};
		7C5811AF2530837000290CE7 /* CalendarPage */ = {
			isa = PBXGroup;
			children = (
				7C5811B72530840200290CE7 /* CalendarViewController.swift */,
				7C5811BA2530841100290CE7 /* Calendar.storyboard */,
			);
			path = CalendarPage;
			sourceTree = "<group>";
		};
		7C5811B02530837A00290CE7 /* Mypage */ = {
			isa = PBXGroup;
			children = (
				7C5811BD2530844100290CE7 /* Mypage.storyboard */,
				7C5811C02530845700290CE7 /* MypageViewController.swift */,
			);
			path = Mypage;
			sourceTree = "<group>";
		};
		7C87EB59254D63E000C428A5 /* Model */ = {
			isa = PBXGroup;
			children = (
				7C87EB5A254D649200C428A5 /* model.swift */,
			);
			path = Model;
			sourceTree = "<group>";
		};
		7CCBA5882529B5260036CE02 /* TableViewPage */ = {
			isa = PBXGroup;
			children = (
				FA97608F251C753300A175EA /* Main.storyboard */,
				7C58115C252A2C5A00290CE7 /* TableViewController.swift */,
				7CCBA5892529B56A0036CE02 /* mainPageTableViewCell.swift */,
			);
			path = TableViewPage;
			sourceTree = "<group>";
		};
		7CCBA58D2529CE6D0036CE02 /* DetailPage */ = {
			isa = PBXGroup;
			children = (
				7CCBA58F2529CEF90036CE02 /* DetailViewController.swift */,
				7CCBA5922529CF150036CE02 /* DetailViewStoryboard.storyboard */,
				6B4BB80B254FCDB800C5EFBE /* DetailHeaderView.swift */,
				6B4BB810254FD52600C5EFBE /* DetailTextTableViewCell.swift */,
			);
			path = DetailPage;
			sourceTree = "<group>";
		};
		FA97607D251C753300A175EA = {
			isa = PBXGroup;
			children = (
				FA976088251C753300A175EA /* Yeogigaja */,
				FA976087251C753300A175EA /* Products */,
				07EE5F1262AFE448607AB124 /* Pods */,
				165F13D2298E1DA260438E6E /* Frameworks */,
			);
			sourceTree = "<group>";
		};
		FA976087251C753300A175EA /* Products */ = {
			isa = PBXGroup;
			children = (
				FA976086251C753300A175EA /* Yeogigaja.app */,
			);
			name = Products;
			sourceTree = "<group>";
		};
		FA976088251C753300A175EA /* Yeogigaja */ = {
			isa = PBXGroup;
			children = (
				7C87EB59254D63E000C428A5 /* Model */,
				7C5811B02530837A00290CE7 /* Mypage */,
				7C5811AF2530837000290CE7 /* CalendarPage */,
				7C5811AE2530835B00290CE7 /* MapPage */,
				7CCBA58D2529CE6D0036CE02 /* DetailPage */,
				7CCBA5882529B5260036CE02 /* TableViewPage */,
				FA976089251C753300A175EA /* AppDelegate.swift */,
				7C5811C42530BF1A00290CE7 /* TabBarController.swift */,
				FA97608B251C753300A175EA /* SceneDelegate.swift */,
				FA976092251C753700A175EA /* Assets.xcassets */,
				FA976094251C753700A175EA /* LaunchScreen.storyboard */,
				FA976097251C753700A175EA /* Info.plist */,
			);
			path = Yeogigaja;
			sourceTree = "<group>";
		};
/* End PBXGroup section */

/* Begin PBXNativeTarget section */
		FA976085251C753300A175EA /* Yeogigaja */ = {
			isa = PBXNativeTarget;
			buildConfigurationList = FA97609A251C753700A175EA /* Build configuration list for PBXNativeTarget "Yeogigaja" */;
			buildPhases = (
				259FAF5FF5C42EDBD43BBE31 /* [CP] Check Pods Manifest.lock */,
				FA976082251C753300A175EA /* Sources */,
				FA976083251C753300A175EA /* Frameworks */,
				FA976084251C753300A175EA /* Resources */,
				FC2A16915AE314ACEABFD82B /* [CP] Embed Pods Frameworks */,
			);
			buildRules = (
			);
			dependencies = (
			);
			name = Yeogigaja;
			productName = Yeogigaja;
			productReference = FA976086251C753300A175EA /* Yeogigaja.app */;
			productType = "com.apple.product-type.application";
		};
/* End PBXNativeTarget section */

/* Begin PBXProject section */
		FA97607E251C753300A175EA /* Project object */ = {
			isa = PBXProject;
			attributes = {
				LastSwiftUpdateCheck = 1170;
				LastUpgradeCheck = 1170;
				ORGANIZATIONNAME = sapere4ude;
				TargetAttributes = {
					FA976085251C753300A175EA = {
						CreatedOnToolsVersion = 11.7;
					};
				};
			};
			buildConfigurationList = FA976081251C753300A175EA /* Build configuration list for PBXProject "Yeogigaja" */;
			compatibilityVersion = "Xcode 9.3";
			developmentRegion = en;
			hasScannedForEncodings = 0;
			knownRegions = (
				en,
				Base,
			);
			mainGroup = FA97607D251C753300A175EA;
			productRefGroup = FA976087251C753300A175EA /* Products */;
			projectDirPath = "";
			projectRoot = "";
			targets = (
				FA976085251C753300A175EA /* Yeogigaja */,
			);
		};
/* End PBXProject section */

/* Begin PBXResourcesBuildPhase section */
		FA976084251C753300A175EA /* Resources */ = {
			isa = PBXResourcesBuildPhase;
			buildActionMask = 2147483647;
			files = (
				7C5811BB2530841100290CE7 /* Calendar.storyboard in Resources */,
				7C5811BE2530844100290CE7 /* Mypage.storyboard in Resources */,
				FA976096251C753700A175EA /* LaunchScreen.storyboard in Resources */,
				7CCBA5932529CF150036CE02 /* DetailViewStoryboard.storyboard in Resources */,
				7C5811B22530839D00290CE7 /* Map.storyboard in Resources */,
				FA976093251C753700A175EA /* Assets.xcassets in Resources */,
				FA976091251C753300A175EA /* Main.storyboard in Resources */,
			);
			runOnlyForDeploymentPostprocessing = 0;
		};
/* End PBXResourcesBuildPhase section */

/* Begin PBXShellScriptBuildPhase section */
		259FAF5FF5C42EDBD43BBE31 /* [CP] Check Pods Manifest.lock */ = {
			isa = PBXShellScriptBuildPhase;
			buildActionMask = 2147483647;
			files = (
			);
			inputFileListPaths = (
			);
			inputPaths = (
				"${PODS_PODFILE_DIR_PATH}/Podfile.lock",
				"${PODS_ROOT}/Manifest.lock",
			);
			name = "[CP] Check Pods Manifest.lock";
			outputFileListPaths = (
			);
			outputPaths = (
				"$(DERIVED_FILE_DIR)/Pods-Yeogigaja-checkManifestLockResult.txt",
			);
			runOnlyForDeploymentPostprocessing = 0;
			shellPath = /bin/sh;
			shellScript = "diff \"${PODS_PODFILE_DIR_PATH}/Podfile.lock\" \"${PODS_ROOT}/Manifest.lock\" > /dev/null\nif [ $? != 0 ] ; then\n    # print error to STDERR\n    echo \"error: The sandbox is not in sync with the Podfile.lock. Run 'pod install' or update your CocoaPods installation.\" >&2\n    exit 1\nfi\n# This output is used by Xcode 'outputs' to avoid re-running this script phase.\necho \"SUCCESS\" > \"${SCRIPT_OUTPUT_FILE_0}\"\n";
			showEnvVarsInLog = 0;
		};
		FC2A16915AE314ACEABFD82B /* [CP] Embed Pods Frameworks */ = {
			isa = PBXShellScriptBuildPhase;
			buildActionMask = 2147483647;
			files = (
			);
			inputFileListPaths = (
				"${PODS_ROOT}/Target Support Files/Pods-Yeogigaja/Pods-Yeogigaja-frameworks-${CONFIGURATION}-input-files.xcfilelist",
			);
			name = "[CP] Embed Pods Frameworks";
			outputFileListPaths = (
				"${PODS_ROOT}/Target Support Files/Pods-Yeogigaja/Pods-Yeogigaja-frameworks-${CONFIGURATION}-output-files.xcfilelist",
			);
			runOnlyForDeploymentPostprocessing = 0;
			shellPath = /bin/sh;
			shellScript = "\"${PODS_ROOT}/Target Support Files/Pods-Yeogigaja/Pods-Yeogigaja-frameworks.sh\"\n";
			showEnvVarsInLog = 0;
		};
/* End PBXShellScriptBuildPhase section */

/* Begin PBXSourcesBuildPhase section */
		FA976082251C753300A175EA /* Sources */ = {
			isa = PBXSourcesBuildPhase;
			buildActionMask = 2147483647;
			files = (
				7C5811C12530845700290CE7 /* MypageViewController.swift in Sources */,
				7C5811B82530840200290CE7 /* CalendarViewController.swift in Sources */,
				7C58115D252A2C5A00290CE7 /* TableViewController.swift in Sources */,
				6B4BB811254FD52600C5EFBE /* DetailTextTableViewCell.swift in Sources */,
				6B4BB80C254FCDB800C5EFBE /* DetailHeaderView.swift in Sources */,
				7C5811C52530BF1A00290CE7 /* TabBarController.swift in Sources */,
				FA97608A251C753300A175EA /* AppDelegate.swift in Sources */,
				7C87EB5B254D649200C428A5 /* model.swift in Sources */,
				7CCBA5902529CEFA0036CE02 /* DetailViewController.swift in Sources */,
				7C5811B5253083BD00290CE7 /* mapViewController.swift in Sources */,
				FA97608C251C753300A175EA /* SceneDelegate.swift in Sources */,
				7CCBA58A2529B56A0036CE02 /* mainPageTableViewCell.swift in Sources */,
			);
			runOnlyForDeploymentPostprocessing = 0;
		};
/* End PBXSourcesBuildPhase section */

/* Begin PBXVariantGroup section */
		FA97608F251C753300A175EA /* Main.storyboard */ = {
			isa = PBXVariantGroup;
			children = (
				FA976090251C753300A175EA /* Base */,
			);
			name = Main.storyboard;
			sourceTree = "<group>";
		};
		FA976094251C753700A175EA /* LaunchScreen.storyboard */ = {
			isa = PBXVariantGroup;
			children = (
				FA976095251C753700A175EA /* Base */,
			);
			name = LaunchScreen.storyboard;
			sourceTree = "<group>";
		};
/* End PBXVariantGroup section */

/* Begin XCBuildConfiguration section */
		FA976098251C753700A175EA /* Debug */ = {
			isa = XCBuildConfiguration;
			buildSettings = {
				ALWAYS_SEARCH_USER_PATHS = NO;
				CLANG_ANALYZER_NONNULL = YES;
				CLANG_ANALYZER_NUMBER_OBJECT_CONVERSION = YES_AGGRESSIVE;
				CLANG_CXX_LANGUAGE_STANDARD = "gnu++14";
				CLANG_CXX_LIBRARY = "libc++";
				CLANG_ENABLE_MODULES = YES;
				CLANG_ENABLE_OBJC_ARC = YES;
				CLANG_ENABLE_OBJC_WEAK = YES;
				CLANG_WARN_BLOCK_CAPTURE_AUTORELEASING = YES;
				CLANG_WARN_BOOL_CONVERSION = YES;
				CLANG_WARN_COMMA = YES;
				CLANG_WARN_CONSTANT_CONVERSION = YES;
				CLANG_WARN_DEPRECATED_OBJC_IMPLEMENTATIONS = YES;
				CLANG_WARN_DIRECT_OBJC_ISA_USAGE = YES_ERROR;
				CLANG_WARN_DOCUMENTATION_COMMENTS = YES;
				CLANG_WARN_EMPTY_BODY = YES;
				CLANG_WARN_ENUM_CONVERSION = YES;
				CLANG_WARN_INFINITE_RECURSION = YES;
				CLANG_WARN_INT_CONVERSION = YES;
				CLANG_WARN_NON_LITERAL_NULL_CONVERSION = YES;
				CLANG_WARN_OBJC_IMPLICIT_RETAIN_SELF = YES;
				CLANG_WARN_OBJC_LITERAL_CONVERSION = YES;
				CLANG_WARN_OBJC_ROOT_CLASS = YES_ERROR;
				CLANG_WARN_RANGE_LOOP_ANALYSIS = YES;
				CLANG_WARN_STRICT_PROTOTYPES = YES;
				CLANG_WARN_SUSPICIOUS_MOVE = YES;
				CLANG_WARN_UNGUARDED_AVAILABILITY = YES_AGGRESSIVE;
				CLANG_WARN_UNREACHABLE_CODE = YES;
				CLANG_WARN__DUPLICATE_METHOD_MATCH = YES;
				COPY_PHASE_STRIP = NO;
				DEBUG_INFORMATION_FORMAT = dwarf;
				ENABLE_STRICT_OBJC_MSGSEND = YES;
				ENABLE_TESTABILITY = YES;
				GCC_C_LANGUAGE_STANDARD = gnu11;
				GCC_DYNAMIC_NO_PIC = NO;
				GCC_NO_COMMON_BLOCKS = YES;
				GCC_OPTIMIZATION_LEVEL = 0;
				GCC_PREPROCESSOR_DEFINITIONS = (
					"DEBUG=1",
					"$(inherited)",
				);
				GCC_WARN_64_TO_32_BIT_CONVERSION = YES;
				GCC_WARN_ABOUT_RETURN_TYPE = YES_ERROR;
				GCC_WARN_UNDECLARED_SELECTOR = YES;
				GCC_WARN_UNINITIALIZED_AUTOS = YES_AGGRESSIVE;
				GCC_WARN_UNUSED_FUNCTION = YES;
				GCC_WARN_UNUSED_VARIABLE = YES;
				IPHONEOS_DEPLOYMENT_TARGET = 13.7;
				MTL_ENABLE_DEBUG_INFO = INCLUDE_SOURCE;
				MTL_FAST_MATH = YES;
				ONLY_ACTIVE_ARCH = YES;
				SDKROOT = iphoneos;
				SWIFT_ACTIVE_COMPILATION_CONDITIONS = DEBUG;
				SWIFT_OPTIMIZATION_LEVEL = "-Onone";
			};
			name = Debug;
		};
		FA976099251C753700A175EA /* Release */ = {
			isa = XCBuildConfiguration;
			buildSettings = {
				ALWAYS_SEARCH_USER_PATHS = NO;
				CLANG_ANALYZER_NONNULL = YES;
				CLANG_ANALYZER_NUMBER_OBJECT_CONVERSION = YES_AGGRESSIVE;
				CLANG_CXX_LANGUAGE_STANDARD = "gnu++14";
				CLANG_CXX_LIBRARY = "libc++";
				CLANG_ENABLE_MODULES = YES;
				CLANG_ENABLE_OBJC_ARC = YES;
				CLANG_ENABLE_OBJC_WEAK = YES;
				CLANG_WARN_BLOCK_CAPTURE_AUTORELEASING = YES;
				CLANG_WARN_BOOL_CONVERSION = YES;
				CLANG_WARN_COMMA = YES;
				CLANG_WARN_CONSTANT_CONVERSION = YES;
				CLANG_WARN_DEPRECATED_OBJC_IMPLEMENTATIONS = YES;
				CLANG_WARN_DIRECT_OBJC_ISA_USAGE = YES_ERROR;
				CLANG_WARN_DOCUMENTATION_COMMENTS = YES;
				CLANG_WARN_EMPTY_BODY = YES;
				CLANG_WARN_ENUM_CONVERSION = YES;
				CLANG_WARN_INFINITE_RECURSION = YES;
				CLANG_WARN_INT_CONVERSION = YES;
				CLANG_WARN_NON_LITERAL_NULL_CONVERSION = YES;
				CLANG_WARN_OBJC_IMPLICIT_RETAIN_SELF = YES;
				CLANG_WARN_OBJC_LITERAL_CONVERSION = YES;
				CLANG_WARN_OBJC_ROOT_CLASS = YES_ERROR;
				CLANG_WARN_RANGE_LOOP_ANALYSIS = YES;
				CLANG_WARN_STRICT_PROTOTYPES = YES;
				CLANG_WARN_SUSPICIOUS_MOVE = YES;
				CLANG_WARN_UNGUARDED_AVAILABILITY = YES_AGGRESSIVE;
				CLANG_WARN_UNREACHABLE_CODE = YES;
				CLANG_WARN__DUPLICATE_METHOD_MATCH = YES;
				COPY_PHASE_STRIP = NO;
				DEBUG_INFORMATION_FORMAT = "dwarf-with-dsym";
				ENABLE_NS_ASSERTIONS = NO;
				ENABLE_STRICT_OBJC_MSGSEND = YES;
				GCC_C_LANGUAGE_STANDARD = gnu11;
				GCC_NO_COMMON_BLOCKS = YES;
				GCC_WARN_64_TO_32_BIT_CONVERSION = YES;
				GCC_WARN_ABOUT_RETURN_TYPE = YES_ERROR;
				GCC_WARN_UNDECLARED_SELECTOR = YES;
				GCC_WARN_UNINITIALIZED_AUTOS = YES_AGGRESSIVE;
				GCC_WARN_UNUSED_FUNCTION = YES;
				GCC_WARN_UNUSED_VARIABLE = YES;
				IPHONEOS_DEPLOYMENT_TARGET = 13.7;
				MTL_ENABLE_DEBUG_INFO = NO;
				MTL_FAST_MATH = YES;
				SDKROOT = iphoneos;
				SWIFT_COMPILATION_MODE = wholemodule;
				SWIFT_OPTIMIZATION_LEVEL = "-O";
				VALIDATE_PRODUCT = YES;
			};
			name = Release;
		};
		FA97609B251C753700A175EA /* Debug */ = {
			isa = XCBuildConfiguration;
			baseConfigurationReference = E463BE4A6F5034780676DFC6 /* Pods-Yeogigaja.debug.xcconfig */;
			buildSettings = {
				ASSETCATALOG_COMPILER_APPICON_NAME = AppIcon;
				CODE_SIGN_STYLE = Automatic;
				INFOPLIST_FILE = Yeogigaja/Info.plist;
				LD_RUNPATH_SEARCH_PATHS = (
					"$(inherited)",
					"@executable_path/Frameworks",
				);
				PRODUCT_BUNDLE_IDENTIFIER = sapere4ude.Yeogigaja;
				PRODUCT_NAME = "$(TARGET_NAME)";
				SWIFT_VERSION = 5.0;
				TARGETED_DEVICE_FAMILY = "1,2";
			};
			name = Debug;
		};
		FA97609C251C753700A175EA /* Release */ = {
			isa = XCBuildConfiguration;
			baseConfigurationReference = CF9F912574944EFCA336717C /* Pods-Yeogigaja.release.xcconfig */;
			buildSettings = {
				ASSETCATALOG_COMPILER_APPICON_NAME = AppIcon;
				CODE_SIGN_STYLE = Automatic;
				INFOPLIST_FILE = Yeogigaja/Info.plist;
				LD_RUNPATH_SEARCH_PATHS = (
					"$(inherited)",
					"@executable_path/Frameworks",
				);
				PRODUCT_BUNDLE_IDENTIFIER = sapere4ude.Yeogigaja;
				PRODUCT_NAME = "$(TARGET_NAME)";
				SWIFT_VERSION = 5.0;
				TARGETED_DEVICE_FAMILY = "1,2";
			};
			name = Release;
		};
/* End XCBuildConfiguration section */

/* Begin XCConfigurationList section */
		FA976081251C753300A175EA /* Build configuration list for PBXProject "Yeogigaja" */ = {
			isa = XCConfigurationList;
			buildConfigurations = (
				FA976098251C753700A175EA /* Debug */,
				FA976099251C753700A175EA /* Release */,
			);
			defaultConfigurationIsVisible = 0;
			defaultConfigurationName = Release;
		};
		FA97609A251C753700A175EA /* Build configuration list for PBXNativeTarget "Yeogigaja" */ = {
			isa = XCConfigurationList;
			buildConfigurations = (
				FA97609B251C753700A175EA /* Debug */,
				FA97609C251C753700A175EA /* Release */,
			);
			defaultConfigurationIsVisible = 0;
			defaultConfigurationName = Release;
		};
/* End XCConfigurationList section */
	};
	rootObject = FA97607E251C753300A175EA /* Project object */;
}
